
Microsoft Visual Studio Solution File, Format Version 12.00
# Visual Studio Version 16
VisualStudioVersion = 16.0.32106.194
MinimumVisualStudioVersion = 10.0.40219.1
Project("{FAE04EC0-301F-11D3-BF4B-00C04F79EFBC}") = "CrispyCrypto", "CrispyCrypto\CrispyCrypto.csproj", "{4CE2289A-95B0-430D-B81F-BB1C4BFE6C3D}"
EndProject
Project("{FAE04EC0-301F-11D3-BF4B-00C04F79EFBC}") = "CryptoLibrary", "CryptoLibrary\CryptoLibrary.csproj", "{A0DD5E9C-34CD-48A0-B1DC-4E8E1CF1F7CB}"
EndProject
Global
	GlobalSection(SolutionConfigurationPlatforms) = preSolution
		Debug|Any CPU = Debug|Any CPU
		Release|Any CPU = Release|Any CPU
	EndGlobalSection
	GlobalSection(ProjectConfigurationPlatforms) = postSolution
		{4CE2289A-95B0-430D-B81F-BB1C4BFE6C3D}.Debug|Any CPU.ActiveCfg = Debug|Any CPU
		{4CE2289A-95B0-430D-B81F-BB1C4BFE6C3D}.Debug|Any CPU.Build.0 = Debug|Any CPU
		{4CE2289A-95B0-430D-B81F-BB1C4BFE6C3D}.Release|Any CPU.ActiveCfg = Release|Any CPU
		{4CE2289A-95B0-430D-B81F-BB1C4BFE6C3D}.Release|Any CPU.Build.0 = Release|Any CPU
		{A0DD5E9C-34CD-48A0-B1DC-4E8E1CF1F7CB}.Debug|Any CPU.ActiveCfg = Debug|Any CPU
		{A0DD5E9C-34CD-48A0-B1DC-4E8E1CF1F7CB}.Debug|Any CPU.Build.0 = Debug|Any CPU
		{A0DD5E9C-34CD-48A0-B1DC-4E8E1CF1F7CB}.Release|Any CPU.ActiveCfg = Release|Any CPU
		{A0DD5E9C-34CD-48A0-B1DC-4E8E1CF1F7CB}.Release|Any CPU.Build.0 = Release|Any CPU
	EndGlobalSection
	GlobalSection(SolutionProperties) = preSolution
		HideSolutionNode = FALSE
	EndGlobalSection
	GlobalSection(ExtensibilityGlobals) = postSolution
		SolutionGuid = {7D639906-740F-4973-B5EB-FCD3B1B6CF8F}
	EndGlobalSection
EndGlobal
